
Microsoft Visual Studio Solution File, Format Version 12.00
# Visual Studio Version 16
VisualStudioVersion = 16.0.30611.23
MinimumVisualStudioVersion = 10.0.40219.1
Project("{9A19103F-16F7-4668-BE54-9A1E7A4F7556}") = "lecture7", "lecture7\lecture7.csproj", "{A280374A-5C41-4CDB-9891-8B98C3FCE789}"
EndProject
Project("{FAE04EC0-301F-11D3-BF4B-00C04F79EFBC}") = "Motorcycle", "Motorcycle\Motorcycle.csproj", "{77E90705-C45D-4C09-9027-1DA288F84E93}"
EndProject
Global
	GlobalSection(SolutionConfigurationPlatforms) = preSolution
		Debug|Any CPU = Debug|Any CPU
		Release|Any CPU = Release|Any CPU
	EndGlobalSection
	GlobalSection(ProjectConfigurationPlatforms) = postSolution
		{A280374A-5C41-4CDB-9891-8B98C3FCE789}.Debug|Any CPU.ActiveCfg = Debug|Any CPU
		{A280374A-5C41-4CDB-9891-8B98C3FCE789}.Debug|Any CPU.Build.0 = Debug|Any CPU
		{A280374A-5C41-4CDB-9891-8B98C3FCE789}.Release|Any CPU.ActiveCfg = Release|Any CPU
		{A280374A-5C41-4CDB-9891-8B98C3FCE789}.Release|Any CPU.Build.0 = Release|Any CPU
		{77E90705-C45D-4C09-9027-1DA288F84E93}.Debug|Any CPU.ActiveCfg = Debug|Any CPU
		{77E90705-C45D-4C09-9027-1DA288F84E93}.Debug|Any CPU.Build.0 = Debug|Any CPU
		{77E90705-C45D-4C09-9027-1DA288F84E93}.Release|Any CPU.ActiveCfg = Release|Any CPU
		{77E90705-C45D-4C09-9027-1DA288F84E93}.Release|Any CPU.Build.0 = Release|Any CPU
	EndGlobalSection
	GlobalSection(SolutionProperties) = preSolution
		HideSolutionNode = FALSE
	EndGlobalSection
	GlobalSection(ExtensibilityGlobals) = postSolution
		SolutionGuid = {1BD5D9F3-DC61-4B11-AE85-E370071A6792}
	EndGlobalSection
EndGlobal
